# THIS IS AN AUTOGENERATED FILE. DO NOT EDIT THIS FILE DIRECTLY.
# yarn lockfile v1


"@mattpiz/elm-test-rs-darwin-arm64@3.0.1-0":
  version "3.0.1-0"
  resolved "https://registry.yarnpkg.com/@mattpiz/elm-test-rs-darwin-arm64/-/elm-test-rs-darwin-arm64-3.0.1-0.tgz#f11ef5a1d47a58680386a01903a9b1f7b1558565"
  integrity sha512-P9T1XhCgMnKCVaWl41YHvauXh5kDNEIDQyztk/XQTKLj3dA/T9wQ2rOpYrzCptQaLE0W+7yCayLLcWjpKmDm2w==

"@mattpiz/elm-test-rs-darwin-x64@3.0.1-0":
  version "3.0.1-0"
  resolved "https://registry.yarnpkg.com/@mattpiz/elm-test-rs-darwin-x64/-/elm-test-rs-darwin-x64-3.0.1-0.tgz#c829955b6fd77bf28a9384a091b1cf43fccbee71"
  integrity sha512-JEsw1bBHVLeZ9ZqpAF10iaDhcaT5f1BYo+lOrUTxqj7X4s2/aQXoAOYoh7p2i0M689ZQoJvJlw0DPdzOuxWUqA==

"@mattpiz/elm-test-rs-linux-arm64@3.0.1-0":
  version "3.0.1-0"
  resolved "https://registry.yarnpkg.com/@mattpiz/elm-test-rs-linux-arm64/-/elm-test-rs-linux-arm64-3.0.1-0.tgz#2f7d87b4a4f69ec13e94c5a5d5e17ddda4846f2f"
  integrity sha512-3A/1iRrG7itGxwUnXUmS9M9isoNjMhm4yE8rHu2om0xWX/+S+2g+0Dl++ZXEAtm5c+t5F8dbYvi0wA8G7oidXQ==

"@mattpiz/elm-test-rs-linux-arm@3.0.1-0":
  version "3.0.1-0"
  resolved "https://registry.yarnpkg.com/@mattpiz/elm-test-rs-linux-arm/-/elm-test-rs-linux-arm-3.0.1-0.tgz#e9be0b31cdce04f16c99e0d00b090250e30bba5c"
  integrity sha512-nBF348Qs4ZTh1KhSzceHOZrZ0aZUF2r6Su/ggudzzeV9Sx7oW4K3EEx+3tZ5L8ZrAQjpbZ7iVK9UOZekWoXsOw==

"@mattpiz/elm-test-rs-linux-x64@3.0.1-0":
  version "3.0.1-0"
  resolved "https://registry.yarnpkg.com/@mattpiz/elm-test-rs-linux-x64/-/elm-test-rs-linux-x64-3.0.1-0.tgz#39edcd8e123a9abd65dac4ffe96f83256fe484d2"
  integrity sha512-MCRdBazLDEu2GH4yASzTa3nngCPnKuf3KDjXHG1Oio301a3MTQOntOtniLwnEd/Je6wP30ff/WuOHlSloQWQjQ==

"@mattpiz/elm-test-rs-win32-x64@3.0.1-0":
  version "3.0.1-0"
  resolved "https://registry.yarnpkg.com/@mattpiz/elm-test-rs-win32-x64/-/elm-test-rs-win32-x64-3.0.1-0.tgz#80d5ad27fb28932d6277797d67d072dd8e138c30"
  integrity sha512-GIoHBMGrZnit4evzCNNmGFbjKOBwl+EdBwUcmfEbM626aFNAIDaORQGXFJPKBKv/ujPTzAlXemBnX4jjjpYu3w==

elm-test-rs@^3.0.1-0:
  version "3.0.1-0"
  resolved "https://registry.yarnpkg.com/elm-test-rs/-/elm-test-rs-3.0.1-0.tgz#7424007d38a4606568706eaab405c70950e55b49"
  integrity sha512-mAYDM+h6dsibdt5iASuUAX9zj5LSmyXGne1T0ll7Mt8YjZ5FbXf+Ca6Iytx90YwsdsJjU4aGnEswTfB8MpW1hQ==
  optionalDependencies:
    "@mattpiz/elm-test-rs-darwin-arm64" "3.0.1-0"
    "@mattpiz/elm-test-rs-darwin-x64" "3.0.1-0"
    "@mattpiz/elm-test-rs-linux-arm" "3.0.1-0"
    "@mattpiz/elm-test-rs-linux-arm64" "3.0.1-0"
    "@mattpiz/elm-test-rs-linux-x64" "3.0.1-0"
    "@mattpiz/elm-test-rs-win32-x64" "3.0.1-0"
